github.com/google/go-cmp v0.5.9 h1:O2Tfq5qg4qc4AmwVlvv0oLiVAGB7enBSJ2x2DqQFi38=
github.com/google/go-cmp v0.5.9/go.mod h1:17dUlkBOakJ0+DkrSSNjCkIjxS6bF9zb3elmeNGIjoY=
github.com/gorilla/websocket v1.5.3 h1:saDtZ6Pbx/0u+bgYQ3q96pZgCzfhKXGPqt7kZ72aNNg=
github.com/gorilla/websocket v1.5.3/go.mod h1:YR8l580nyteQvAITg2hZ9XVh4b55+EU/adAjf1fMHhE=
github.com/neutralusername/Systemge v0.0.0-20240727205044-8943709e4b46 h1:CA4WisF7E9pjCT8mDrx6aww32ZH73mYfB5rlNFsHN2Q=
github.com/neutralusername/Systemge v0.0.0-20240727205044-8943709e4b46/go.mod h1:+oKIYoY+7ma/hz/XUa3Gaw3Di3GzK5I8rahrx9AXUKA=
github.com/neutralusername/Systemge v0.0.0-20240727213827-da2e2ef9cc4d h1:P4JFIAdRWPxOYPCUv8tt7qjb24aGJ3aV4EktSNyh79k=
github.com/neutralusername/Systemge v0.0.0-20240727213827-da2e2ef9cc4d/go.mod h1:+oKIYoY+7ma/hz/XUa3Gaw3Di3GzK5I8rahrx9AXUKA=
github.com/neutralusername/Systemge v0.0.0-20240727214248-21d28cc66258 h1:bbK+Njels9nRvEjy6fPj+eWzQh4u+F7ZsB1Y3qmNkZE=
github.com/neutralusername/Systemge v0.0.0-20240727214248-21d28cc66258/go.mod h1:+oKIYoY+7ma/hz/XUa3Gaw3Di3GzK5I8rahrx9AXUKA=
github.com/neutralusername/Systemge v0.0.0-20240728040151-ddec9fc1525b h1:nlc9jiBpXoJxLhXXaZeDNyDnNqfjJ3p7kzKdptxxKhs=
github.com/neutralusername/Systemge v0.0.0-20240728040151-ddec9fc1525b/go.mod h1:+oKIYoY+7ma/hz/XUa3Gaw3Di3GzK5I8rahrx9AXUKA=
github.com/neutralusername/Systemge v0.0.0-20240728041054-d9b68c8f4c22 h1:s19RIRzi5L4Arp1HtLpwMKpps99ng22NDKPKUUnFEhg=
github.com/neutralusername/Systemge v0.0.0-20240728041054-d9b68c8f4c22/go.mod h1:+oKIYoY+7ma/hz/XUa3Gaw3Di3GzK5I8rahrx9AXUKA=
github.com/neutralusername/Systemge v0.0.0-20240728041558-1d6ee7ec8ac5 h1:NkB5Ai/vWU1ecyuz2M6+A5OsVMf3GbN7qux3R23cJpY=
github.com/neutralusername/Systemge v0.0.0-20240728041558-1d6ee7ec8ac5/go.mod h1:+oKIYoY+7ma/hz/XUa3Gaw3Di3GzK5I8rahrx9AXUKA=
golang.org/x/oauth2 v0.21.0 h1:tsimM75w1tF/uws5rbeHzIWxEqElMehnc+iW793zsZs=
golang.org/x/oauth2 v0.21.0/go.mod h1:XYTD2NtWslqkgxebSiOHnXEap4TF09sJSc7H1sXbhtI=
